{
  "pins": [
    {
      "identity": "dprovenancekit",
      "kind": "remoteSourceControl",
      "location": "https://github.com/Therealdk8890/DProvenanceKit",
      "state": {
        "revision": "7350486cc01948db2711c65343c9774ff07ee34a",
        "version": "0.8.1"
      }
    }
  ],
  "version": 3
}
